{
  "name": "claudewheel",
  "version": "0.23.3",
  "lockfileVersion": 3,
  "requires": true,
  "packages": {
    "": {
      "name": "claudewheel",
      "version": "0.23.3",
      "license": "MIT",
      "bin": {
        "claudewheel": "bin/claudewheel.js"
      },
      "engines": {
        "node": ">=18"
      }
    }
  }
}
