version = 1
revision = 3
requires-python = ">=3.11"

[[package]]
name = "claudewheel"
version = "0.4.2"
source = { editable = "." }
dependencies = [
    { name = "strictcli" },
]

[package.metadata]
requires-dist = [{ name = "strictcli" }]

[[package]]
name = "strictcli"
version = "0.4.1"
source = { registry = "https://pypi.org/simple" }
sdist = { url = "https://files.pythonhosted.org/packages/06/ab/1ce719a585582847b991d7585424523be9d5fdab0ef754ec7a663e788236/strictcli-0.4.1.tar.gz", hash = "sha256:c6a46cbca55655882a5df907bd5bf1a8b142b8147c7d0469e32dbe5dbb8bb59b", size = 56509, upload-time = "2026-05-17T21:50:28.87Z" }
wheels = [
    { url = "https://files.pythonhosted.org/packages/59/03/945208992b76bc9c61a316fe76ddba08c5d7f8d9f60cbdffcf9f590e3345/strictcli-0.4.1-py3-none-any.whl", hash = "sha256:046b459bd06b90adf09b614831c2d3c071e1ac8e9eab215796898393c7b36394", size = 16143, upload-time = "2026-05-17T21:50:26.904Z" },
]
